# This file is automatically @generated by Cargo.
# It is not intended for manual editing.
version = 4

[[package]]
name = "liasse"
version = "0.0.1"

[[package]]
name = "liasse-artifact"
version = "0.0.1"

[[package]]
name = "liasse-diag"
version = "0.0.1"

[[package]]
name = "liasse-expr"
version = "0.0.1"

[[package]]
name = "liasse-host"
version = "0.0.1"

[[package]]
name = "liasse-ident"
version = "0.0.1"

[[package]]
name = "liasse-model"
version = "0.0.1"

[[package]]
name = "liasse-pg"
version = "0.0.1"

[[package]]
name = "liasse-runtime"
version = "0.0.1"

[[package]]
name = "liasse-store"
version = "0.0.1"

[[package]]
name = "liasse-surface"
version = "0.0.1"

[[package]]
name = "liasse-syntax"
version = "0.0.1"

[[package]]
name = "liasse-testkit"
version = "0.0.1"

[[package]]
name = "liasse-value"
version = "0.0.1"
